
Microsoft Visual Studio Solution File, Format Version 12.00
# Visual Studio Version 16
VisualStudioVersion = 25.0.1705.2
MinimumVisualStudioVersion = 10.0.40219.1
Project("{FAE04EC0-301F-11D3-BF4B-00C04F79EFBC}") = "cr2Project", "cr2Project.csproj", "{D25A6B91-424F-49E4-A0A9-4F2247340470}"
EndProject
Global
	GlobalSection(SolutionConfigurationPlatforms) = preSolution
		Debug|Any CPU = Debug|Any CPU
		Release|Any CPU = Release|Any CPU
	EndGlobalSection
	GlobalSection(ProjectConfigurationPlatforms) = postSolution
		{D25A6B91-424F-49E4-A0A9-4F2247340470}.Debug|Any CPU.ActiveCfg = Debug|Any CPU
		{D25A6B91-424F-49E4-A0A9-4F2247340470}.Debug|Any CPU.Build.0 = Debug|Any CPU
		{D25A6B91-424F-49E4-A0A9-4F2247340470}.Release|Any CPU.ActiveCfg = Release|Any CPU
		{D25A6B91-424F-49E4-A0A9-4F2247340470}.Release|Any CPU.Build.0 = Release|Any CPU
	EndGlobalSection
	GlobalSection(SolutionProperties) = preSolution
		HideSolutionNode = FALSE
	EndGlobalSection
	GlobalSection(ExtensibilityGlobals) = postSolution
		SolutionGuid = {F9E1687A-83C8-4F11-9C19-62B959AA41C6}
	EndGlobalSection
EndGlobal
